{
  "name": "typescript-lsp-plugin-runtime",
  "version": "1.0.0",
  "lockfileVersion": 3,
  "requires": true,
  "packages": {
    "": {
      "name": "typescript-lsp-plugin-runtime",
      "version": "1.0.0",
      "dependencies": {
        "typescript": "6.0.3",
        "typescript-language-server": "5.3.0"
      },
      "engines": {
        "node": ">=20"
      }
    },
    "node_modules/typescript": {
      "version": "6.0.3",
      "license": "Apache-2.0",
      "bin": {
        "tsc": "bin/tsc",
        "tsserver": "bin/tsserver"
      },
      "engines": {
        "node": ">=14.17"
      }
    },
    "node_modules/typescript-language-server": {
      "version": "5.3.0",
      "license": "Apache-2.0",
      "bin": {
        "typescript-language-server": "lib/cli.mjs"
      },
      "engines": {
        "node": ">=20"
      }
    }
  }
}
